
Microsoft Visual Studio Solution File, Format Version 12.00
# Visual Studio 14
VisualStudioVersion = 14.0.24720.0
MinimumVisualStudioVersion = 10.0.40219.1
Project("{FAE04EC0-301F-11D3-BF4B-00C04F79EFBC}") = "02.MaxSum", "02.MaxSum\02.MaxSum.csproj", "{14B7F544-EA9B-4203-A80B-943DE446692A}"
EndProject
Project("{FAE04EC0-301F-11D3-BF4B-00C04F79EFBC}") = "03.SequenceInMatrix", "03.SequenceInMatrix\03.SequenceInMatrix.csproj", "{109BF9A7-53AE-41F2-98FE-AD1746D7524F}"
EndProject
Project("{FAE04EC0-301F-11D3-BF4B-00C04F79EFBC}") = "07.LargestAreaInMatrix", "07.LargestAreaInMatrix\07.LargestAreaInMatrix.csproj", "{7D3428D9-2A73-41D5-A708-A3602D9CE2BE}"
EndProject
Project("{FAE04EC0-301F-11D3-BF4B-00C04F79EFBC}") = "01.FillTheMatrix", "01.FillTheMatrix\01.FillTheMatrix.csproj", "{6D1F5475-F5E5-4F51-84EB-D8D6C8B0DCE2}"
EndProject
Global
	GlobalSection(SolutionConfigurationPlatforms) = preSolution
		Debug|Any CPU = Debug|Any CPU
		Release|Any CPU = Release|Any CPU
	EndGlobalSection
	GlobalSection(ProjectConfigurationPlatforms) = postSolution
		{14B7F544-EA9B-4203-A80B-943DE446692A}.Debug|Any CPU.ActiveCfg = Debug|Any CPU
		{14B7F544-EA9B-4203-A80B-943DE446692A}.Debug|Any CPU.Build.0 = Debug|Any CPU
		{14B7F544-EA9B-4203-A80B-943DE446692A}.Release|Any CPU.ActiveCfg = Release|Any CPU
		{14B7F544-EA9B-4203-A80B-943DE446692A}.Release|Any CPU.Build.0 = Release|Any CPU
		{109BF9A7-53AE-41F2-98FE-AD1746D7524F}.Debug|Any CPU.ActiveCfg = Debug|Any CPU
		{109BF9A7-53AE-41F2-98FE-AD1746D7524F}.Debug|Any CPU.Build.0 = Debug|Any CPU
		{109BF9A7-53AE-41F2-98FE-AD1746D7524F}.Release|Any CPU.ActiveCfg = Release|Any CPU
		{109BF9A7-53AE-41F2-98FE-AD1746D7524F}.Release|Any CPU.Build.0 = Release|Any CPU
		{7D3428D9-2A73-41D5-A708-A3602D9CE2BE}.Debug|Any CPU.ActiveCfg = Debug|Any CPU
		{7D3428D9-2A73-41D5-A708-A3602D9CE2BE}.Debug|Any CPU.Build.0 = Debug|Any CPU
		{7D3428D9-2A73-41D5-A708-A3602D9CE2BE}.Release|Any CPU.ActiveCfg = Release|Any CPU
		{7D3428D9-2A73-41D5-A708-A3602D9CE2BE}.Release|Any CPU.Build.0 = Release|Any CPU
		{6D1F5475-F5E5-4F51-84EB-D8D6C8B0DCE2}.Debug|Any CPU.ActiveCfg = Debug|Any CPU
		{6D1F5475-F5E5-4F51-84EB-D8D6C8B0DCE2}.Debug|Any CPU.Build.0 = Debug|Any CPU
		{6D1F5475-F5E5-4F51-84EB-D8D6C8B0DCE2}.Release|Any CPU.ActiveCfg = Release|Any CPU
		{6D1F5475-F5E5-4F51-84EB-D8D6C8B0DCE2}.Release|Any CPU.Build.0 = Release|Any CPU
	EndGlobalSection
	GlobalSection(SolutionProperties) = preSolution
		HideSolutionNode = FALSE
	EndGlobalSection
EndGlobal
